
Microsoft Visual Studio Solution File, Format Version 12.00
# Visual Studio 15
VisualStudioVersion = 15.0.27703.2026
MinimumVisualStudioVersion = 10.0.40219.1
Project("{9A19103F-16F7-4668-BE54-9A1E7A4F7556}") = "AspCoreConsumingWebApi", "AspCoreConsumingWebApi\AspCoreConsumingWebApi.csproj", "{65D82D90-1D72-41D3-A685-13EAC1910C60}"
EndProject
Project("{9A19103F-16F7-4668-BE54-9A1E7A4F7556}") = "CoreApiClient", "CoreApiClient\CoreApiClient.csproj", "{2B37F14E-E0B5-4EB3-9B23-647F34D9D576}"
EndProject
Project("{FAE04EC0-301F-11D3-BF4B-00C04F79EFBC}") = "AspCoreModels", "AspCoreModels\AspCoreModels.csproj", "{FE867555-1008-4A6B-A011-293CB23B0446}"
EndProject
Global
	GlobalSection(SolutionConfigurationPlatforms) = preSolution
		Debug|Any CPU = Debug|Any CPU
		Release|Any CPU = Release|Any CPU
	EndGlobalSection
	GlobalSection(ProjectConfigurationPlatforms) = postSolution
		{65D82D90-1D72-41D3-A685-13EAC1910C60}.Debug|Any CPU.ActiveCfg = Debug|Any CPU
		{65D82D90-1D72-41D3-A685-13EAC1910C60}.Debug|Any CPU.Build.0 = Debug|Any CPU
		{65D82D90-1D72-41D3-A685-13EAC1910C60}.Release|Any CPU.ActiveCfg = Release|Any CPU
		{65D82D90-1D72-41D3-A685-13EAC1910C60}.Release|Any CPU.Build.0 = Release|Any CPU
		{2B37F14E-E0B5-4EB3-9B23-647F34D9D576}.Debug|Any CPU.ActiveCfg = Debug|Any CPU
		{2B37F14E-E0B5-4EB3-9B23-647F34D9D576}.Debug|Any CPU.Build.0 = Debug|Any CPU
		{2B37F14E-E0B5-4EB3-9B23-647F34D9D576}.Release|Any CPU.ActiveCfg = Release|Any CPU
		{2B37F14E-E0B5-4EB3-9B23-647F34D9D576}.Release|Any CPU.Build.0 = Release|Any CPU
		{FE867555-1008-4A6B-A011-293CB23B0446}.Debug|Any CPU.ActiveCfg = Debug|Any CPU
		{FE867555-1008-4A6B-A011-293CB23B0446}.Debug|Any CPU.Build.0 = Debug|Any CPU
		{FE867555-1008-4A6B-A011-293CB23B0446}.Release|Any CPU.ActiveCfg = Release|Any CPU
		{FE867555-1008-4A6B-A011-293CB23B0446}.Release|Any CPU.Build.0 = Release|Any CPU
	EndGlobalSection
	GlobalSection(SolutionProperties) = preSolution
		HideSolutionNode = FALSE
	EndGlobalSection
	GlobalSection(ExtensibilityGlobals) = postSolution
		SolutionGuid = {4F9170BE-FD5D-4A6B-99BB-D35E05C3255C}
	EndGlobalSection
EndGlobal
